{
  "name": "@count/cli",
  "version": "0.1.0",
  "lockfileVersion": 3,
  "requires": true,
  "packages": {
    "": {
      "name": "@count/cli",
      "version": "0.1.0",
      "license": "ISC",
      "dependencies": {
        "@count/partner-mcp": "0.1.0",
        "commander": "^14.0.3",
        "zod": "^4.4.1"
      },
      "bin": {
        "count": "dist/index.js"
      },
      "devDependencies": {
        "@types/node": "^25.6.0",
        "typescript": "^6.0.3"
      },
      "engines": {
        "node": ">=20"
      }
    },
    "../count-dev/packages/count-partner-mcp": {
      "name": "@count/partner-mcp",
      "version": "0.1.0",
      "license": "ISC",
      "dependencies": {
        "@modelcontextprotocol/sdk": "^1.29.0",
        "dotenv": "^17.4.2",
        "zod": "^4.4.1"
      },
      "bin": {
        "count-partner-mcp": "dist/index.js"
      },
      "devDependencies": {
        "@types/node": "^25.6.0",
        "tsx": "^4.21.0",
        "typescript": "^6.0.3"
      },
      "engines": {
        "node": ">=20"
      }
    },
    "../count-dev/packages/count-partner-mcp/node_modules/@types/node": {
      "version": "25.6.0",
      "dev": true,
      "license": "MIT",
      "dependencies": {
        "undici-types": "~7.19.0"
      }
    },
    "../count-dev/packages/count-partner-mcp/node_modules/dotenv": {
      "version": "17.4.2",
      "license": "BSD-2-Clause",
      "engines": {
        "node": ">=12"
      },
      "funding": {
        "url": "https://dotenvx.com"
      }
    },
    "../count-dev/packages/count-partner-mcp/node_modules/typescript": {
      "version": "6.0.3",
      "dev": true,
      "license": "Apache-2.0",
      "bin": {
        "tsc": "bin/tsc",
        "tsserver": "bin/tsserver"
      },
      "engines": {
        "node": ">=14.17"
      }
    },
    "../count-dev/packages/count-partner-mcp/node_modules/undici-types": {
      "version": "7.19.2",
      "dev": true,
      "license": "MIT"
    },
    "../count-dev/packages/count-partner-mcp/node_modules/zod": {
      "version": "4.4.1",
      "license": "MIT",
      "funding": {
        "url": "https://github.com/sponsors/colinhacks"
      }
    },
    "node_modules/@count/partner-mcp": {
      "resolved": "../count-dev/packages/count-partner-mcp",
      "link": true
    },
    "node_modules/@types/node": {
      "version": "25.9.3",
      "dev": true,
      "license": "MIT",
      "dependencies": {
        "undici-types": ">=7.24.0 <7.24.7"
      }
    },
    "node_modules/commander": {
      "version": "14.0.3",
      "license": "MIT",
      "engines": {
        "node": ">=20"
      }
    },
    "node_modules/typescript": {
      "version": "6.0.3",
      "dev": true,
      "license": "Apache-2.0",
      "bin": {
        "tsc": "bin/tsc",
        "tsserver": "bin/tsserver"
      },
      "engines": {
        "node": ">=14.17"
      }
    },
    "node_modules/undici-types": {
      "version": "7.24.6",
      "dev": true,
      "license": "MIT"
    },
    "node_modules/zod": {
      "version": "4.4.3",
      "license": "MIT",
      "funding": {
        "url": "https://github.com/sponsors/colinhacks"
      }
    }
  }
}
